
Microsoft Visual Studio Solution File, Format Version 12.00
# Visual Studio Version 17
VisualStudioVersion = 17.0.31903.59
MinimumVisualStudioVersion = 10.0.40219.1
Project("{2150E333-8FDC-42A3-9474-1A3956D46DE8}") = "src", "src", "{827E0CD3-B72D-47B6-A68D-7590B98EB39B}"
EndProject
Project("{FAE04EC0-301F-11D3-BF4B-00C04F79EFBC}") = "LibraryLending.Domain", "src\LibraryLending.Domain\LibraryLending.Domain.csproj", "{34A85B93-5079-4D24-AE21-E4ACB87E8A42}"
EndProject
Project("{FAE04EC0-301F-11D3-BF4B-00C04F79EFBC}") = "LibraryLending.Application", "src\LibraryLending.Application\LibraryLending.Application.csproj", "{75377359-9F54-41EA-B173-98524FA8DF3A}"
EndProject
Project("{FAE04EC0-301F-11D3-BF4B-00C04F79EFBC}") = "LibraryLending.Infrastructure", "src\LibraryLending.Infrastructure\LibraryLending.Infrastructure.csproj", "{9FE6BF8E-18CC-400A-8775-A30A3C2BBEF6}"
EndProject
Project("{FAE04EC0-301F-11D3-BF4B-00C04F79EFBC}") = "LibraryLending.WebApi", "src\LibraryLending.WebApi\LibraryLending.WebApi.csproj", "{86426122-EFDF-46C6-9257-FAA5579F3330}"
EndProject
Project("{2150E333-8FDC-42A3-9474-1A3956D46DE8}") = "tests", "tests", "{0AB3BF05-4346-4AA6-1389-037BE0695223}"
EndProject
Project("{FAE04EC0-301F-11D3-BF4B-00C04F79EFBC}") = "LibraryLending.Application.Tests", "tests\LibraryLending.Application.Tests\LibraryLending.Application.Tests.csproj", "{59CA81FA-EE12-41B4-977A-B526016B6B3C}"
EndProject
Project("{FAE04EC0-301F-11D3-BF4B-00C04F79EFBC}") = "LibraryLending.E2E.Tests", "tests\LibraryLending.E2E.Tests\LibraryLending.E2E.Tests.csproj", "{9EBD1F90-11F5-4396-AE60-F3B54B0A6560}"
EndProject
Global
	GlobalSection(SolutionConfigurationPlatforms) = preSolution
		Debug|Any CPU = Debug|Any CPU
		Debug|x64 = Debug|x64
		Debug|x86 = Debug|x86
		Release|Any CPU = Release|Any CPU
		Release|x64 = Release|x64
		Release|x86 = Release|x86
	EndGlobalSection
	GlobalSection(ProjectConfigurationPlatforms) = postSolution
		{34A85B93-5079-4D24-AE21-E4ACB87E8A42}.Debug|Any CPU.ActiveCfg = Debug|Any CPU
		{34A85B93-5079-4D24-AE21-E4ACB87E8A42}.Debug|Any CPU.Build.0 = Debug|Any CPU
		{34A85B93-5079-4D24-AE21-E4ACB87E8A42}.Debug|x64.ActiveCfg = Debug|Any CPU
		{34A85B93-5079-4D24-AE21-E4ACB87E8A42}.Debug|x64.Build.0 = Debug|Any CPU
		{34A85B93-5079-4D24-AE21-E4ACB87E8A42}.Debug|x86.ActiveCfg = Debug|Any CPU
		{34A85B93-5079-4D24-AE21-E4ACB87E8A42}.Debug|x86.Build.0 = Debug|Any CPU
		{34A85B93-5079-4D24-AE21-E4ACB87E8A42}.Release|Any CPU.ActiveCfg = Release|Any CPU
		{34A85B93-5079-4D24-AE21-E4ACB87E8A42}.Release|Any CPU.Build.0 = Release|Any CPU
		{34A85B93-5079-4D24-AE21-E4ACB87E8A42}.Release|x64.ActiveCfg = Release|Any CPU
		{34A85B93-5079-4D24-AE21-E4ACB87E8A42}.Release|x64.Build.0 = Release|Any CPU
		{34A85B93-5079-4D24-AE21-E4ACB87E8A42}.Release|x86.ActiveCfg = Release|Any CPU
		{34A85B93-5079-4D24-AE21-E4ACB87E8A42}.Release|x86.Build.0 = Release|Any CPU
		{75377359-9F54-41EA-B173-98524FA8DF3A}.Debug|Any CPU.ActiveCfg = Debug|Any CPU
		{75377359-9F54-41EA-B173-98524FA8DF3A}.Debug|Any CPU.Build.0 = Debug|Any CPU
		{75377359-9F54-41EA-B173-98524FA8DF3A}.Debug|x64.ActiveCfg = Debug|Any CPU
		{75377359-9F54-41EA-B173-98524FA8DF3A}.Debug|x64.Build.0 = Debug|Any CPU
		{75377359-9F54-41EA-B173-98524FA8DF3A}.Debug|x86.ActiveCfg = Debug|Any CPU
		{75377359-9F54-41EA-B173-98524FA8DF3A}.Debug|x86.Build.0 = Debug|Any CPU
		{75377359-9F54-41EA-B173-98524FA8DF3A}.Release|Any CPU.ActiveCfg = Release|Any CPU
		{75377359-9F54-41EA-B173-98524FA8DF3A}.Release|Any CPU.Build.0 = Release|Any CPU
		{75377359-9F54-41EA-B173-98524FA8DF3A}.Release|x64.ActiveCfg = Release|Any CPU
		{75377359-9F54-41EA-B173-98524FA8DF3A}.Release|x64.Build.0 = Release|Any CPU
		{75377359-9F54-41EA-B173-98524FA8DF3A}.Release|x86.ActiveCfg = Release|Any CPU
		{75377359-9F54-41EA-B173-98524FA8DF3A}.Release|x86.Build.0 = Release|Any CPU
		{9FE6BF8E-18CC-400A-8775-A30A3C2BBEF6}.Debug|Any CPU.ActiveCfg = Debug|Any CPU
		{9FE6BF8E-18CC-400A-8775-A30A3C2BBEF6}.Debug|Any CPU.Build.0 = Debug|Any CPU
		{9FE6BF8E-18CC-400A-8775-A30A3C2BBEF6}.Debug|x64.ActiveCfg = Debug|Any CPU
		{9FE6BF8E-18CC-400A-8775-A30A3C2BBEF6}.Debug|x64.Build.0 = Debug|Any CPU
		{9FE6BF8E-18CC-400A-8775-A30A3C2BBEF6}.Debug|x86.ActiveCfg = Debug|Any CPU
		{9FE6BF8E-18CC-400A-8775-A30A3C2BBEF6}.Debug|x86.Build.0 = Debug|Any CPU
		{9FE6BF8E-18CC-400A-8775-A30A3C2BBEF6}.Release|Any CPU.ActiveCfg = Release|Any CPU
		{9FE6BF8E-18CC-400A-8775-A30A3C2BBEF6}.Release|Any CPU.Build.0 = Release|Any CPU
		{9FE6BF8E-18CC-400A-8775-A30A3C2BBEF6}.Release|x64.ActiveCfg = Release|Any CPU
		{9FE6BF8E-18CC-400A-8775-A30A3C2BBEF6}.Release|x64.Build.0 = Release|Any CPU
		{9FE6BF8E-18CC-400A-8775-A30A3C2BBEF6}.Release|x86.ActiveCfg = Release|Any CPU
		{9FE6BF8E-18CC-400A-8775-A30A3C2BBEF6}.Release|x86.Build.0 = Release|Any CPU
		{86426122-EFDF-46C6-9257-FAA5579F3330}.Debug|Any CPU.ActiveCfg = Debug|Any CPU
		{86426122-EFDF-46C6-9257-FAA5579F3330}.Debug|Any CPU.Build.0 = Debug|Any CPU
		{86426122-EFDF-46C6-9257-FAA5579F3330}.Debug|x64.ActiveCfg = Debug|Any CPU
		{86426122-EFDF-46C6-9257-FAA5579F3330}.Debug|x64.Build.0 = Debug|Any CPU
		{86426122-EFDF-46C6-9257-FAA5579F3330}.Debug|x86.ActiveCfg = Debug|Any CPU
		{86426122-EFDF-46C6-9257-FAA5579F3330}.Debug|x86.Build.0 = Debug|Any CPU
		{86426122-EFDF-46C6-9257-FAA5579F3330}.Release|Any CPU.ActiveCfg = Release|Any CPU
		{86426122-EFDF-46C6-9257-FAA5579F3330}.Release|Any CPU.Build.0 = Release|Any CPU
		{86426122-EFDF-46C6-9257-FAA5579F3330}.Release|x64.ActiveCfg = Release|Any CPU
		{86426122-EFDF-46C6-9257-FAA5579F3330}.Release|x64.Build.0 = Release|Any CPU
		{86426122-EFDF-46C6-9257-FAA5579F3330}.Release|x86.ActiveCfg = Release|Any CPU
		{86426122-EFDF-46C6-9257-FAA5579F3330}.Release|x86.Build.0 = Release|Any CPU
		{59CA81FA-EE12-41B4-977A-B526016B6B3C}.Debug|Any CPU.ActiveCfg = Debug|Any CPU
		{59CA81FA-EE12-41B4-977A-B526016B6B3C}.Debug|Any CPU.Build.0 = Debug|Any CPU
		{59CA81FA-EE12-41B4-977A-B526016B6B3C}.Debug|x64.ActiveCfg = Debug|Any CPU
		{59CA81FA-EE12-41B4-977A-B526016B6B3C}.Debug|x64.Build.0 = Debug|Any CPU
		{59CA81FA-EE12-41B4-977A-B526016B6B3C}.Debug|x86.ActiveCfg = Debug|Any CPU
		{59CA81FA-EE12-41B4-977A-B526016B6B3C}.Debug|x86.Build.0 = Debug|Any CPU
		{59CA81FA-EE12-41B4-977A-B526016B6B3C}.Release|Any CPU.ActiveCfg = Release|Any CPU
		{59CA81FA-EE12-41B4-977A-B526016B6B3C}.Release|Any CPU.Build.0 = Release|Any CPU
		{59CA81FA-EE12-41B4-977A-B526016B6B3C}.Release|x64.ActiveCfg = Release|Any CPU
		{59CA81FA-EE12-41B4-977A-B526016B6B3C}.Release|x64.Build.0 = Release|Any CPU
		{59CA81FA-EE12-41B4-977A-B526016B6B3C}.Release|x86.ActiveCfg = Release|Any CPU
		{59CA81FA-EE12-41B4-977A-B526016B6B3C}.Release|x86.Build.0 = Release|Any CPU
		{9EBD1F90-11F5-4396-AE60-F3B54B0A6560}.Debug|Any CPU.ActiveCfg = Debug|Any CPU
		{9EBD1F90-11F5-4396-AE60-F3B54B0A6560}.Debug|Any CPU.Build.0 = Debug|Any CPU
		{9EBD1F90-11F5-4396-AE60-F3B54B0A6560}.Debug|x64.ActiveCfg = Debug|Any CPU
		{9EBD1F90-11F5-4396-AE60-F3B54B0A6560}.Debug|x64.Build.0 = Debug|Any CPU
		{9EBD1F90-11F5-4396-AE60-F3B54B0A6560}.Debug|x86.ActiveCfg = Debug|Any CPU
		{9EBD1F90-11F5-4396-AE60-F3B54B0A6560}.Debug|x86.Build.0 = Debug|Any CPU
		{9EBD1F90-11F5-4396-AE60-F3B54B0A6560}.Release|Any CPU.ActiveCfg = Release|Any CPU
		{9EBD1F90-11F5-4396-AE60-F3B54B0A6560}.Release|Any CPU.Build.0 = Release|Any CPU
		{9EBD1F90-11F5-4396-AE60-F3B54B0A6560}.Release|x64.ActiveCfg = Release|Any CPU
		{9EBD1F90-11F5-4396-AE60-F3B54B0A6560}.Release|x64.Build.0 = Release|Any CPU
		{9EBD1F90-11F5-4396-AE60-F3B54B0A6560}.Release|x86.ActiveCfg = Release|Any CPU
		{9EBD1F90-11F5-4396-AE60-F3B54B0A6560}.Release|x86.Build.0 = Release|Any CPU
	EndGlobalSection
	GlobalSection(SolutionProperties) = preSolution
		HideSolutionNode = FALSE
	EndGlobalSection
	GlobalSection(NestedProjects) = preSolution
		{34A85B93-5079-4D24-AE21-E4ACB87E8A42} = {827E0CD3-B72D-47B6-A68D-7590B98EB39B}
		{75377359-9F54-41EA-B173-98524FA8DF3A} = {827E0CD3-B72D-47B6-A68D-7590B98EB39B}
		{9FE6BF8E-18CC-400A-8775-A30A3C2BBEF6} = {827E0CD3-B72D-47B6-A68D-7590B98EB39B}
		{86426122-EFDF-46C6-9257-FAA5579F3330} = {827E0CD3-B72D-47B6-A68D-7590B98EB39B}
		{59CA81FA-EE12-41B4-977A-B526016B6B3C} = {0AB3BF05-4346-4AA6-1389-037BE0695223}
		{9EBD1F90-11F5-4396-AE60-F3B54B0A6560} = {0AB3BF05-4346-4AA6-1389-037BE0695223}
	EndGlobalSection
EndGlobal
